{
  "_meta": {
    "file-type": "spack-lockfile",
    "lockfile-version": 4,
    "specfile-version": 3
  },
  "roots": [
    {
      "hash": "dfjesmg3brrcvfnhdf436czgup3bpxif",
      "spec": "binutils"
    },
    {
      "hash": "db5fm7pw3kegewbzd2xao2gb67txwwp2",
      "spec": "cmake@3.21.4%gcc@8.4.1"
    },
    {
      "hash": "gmsetchaxunojtjbqqyrskxlidyqtxxc",
      "spec": "environment-modules"
    },
    {
      "hash": "tw33vocl5ognqqsmgohbmsjxomooilcl",
      "spec": "git+tcltk"
    },
    {
      "hash": "nvdvhg2heomfocscsxn3rg2j4ngv5m3d",
      "spec": "htop ^python%gcc@8.4.1+ssl"
    }
  ],
  "concrete_specs": {
    "dfjesmg3brrcvfnhdf436czgup3bpxif": {
      "name": "binutils",
      "version": "2.38",
      "arch": {
        "platform": "linux",
        "platform_os": "rhel8",
        "target": "x86_64"
      },
      "compiler": {
        "name": "gcc",
        "version": "8.4.1"
      },
      "namespace": "builtin",
      "parameters": {
        "gas": false,
        "gold": false,
        "headers": false,
        "interwork": false,
        "ld": false,
        "libiberty": false,
        "libs": [
          "shared",
          "static"
        ],
        "lto": false,
        "nls": true,
        "plugins": true,
        "cflags": [],
        "cppflags": [],
        "cxxflags": [],
        "fflags": [],
        "ldflags": [],
        "ldlibs": []
      },
      "package_hash": "53n6wj6pkexbfimausvflfgvliygz7gmonfydjrqfalrn4eytapa====",
      "dependencies": [
        {
          "name": "diffutils",
          "hash": "u62iwobo65ezmvrvxypaizuq7bkjefha",
          "type": [
            "build"
          ]
        },
        {
          "name": "gettext",
          "hash": "v62sf6rvyajobtwvinrkvz4qn2jvihad",
          "type": [
            "build",
            "link"
          ]
        },
        {
          "name": "zlib",
          "hash": "dtkumsnd2jqhg3iuhjuoxyahvk44mzi5",
          "type": [
            "build",
            "link"
          ]
        }
      ],
      "hash": "dfjesmg3brrcvfnhdf436czgup3bpxif"
    },
    "u62iwobo65ezmvrvxypaizuq7bkjefha": {
      "name": "diffutils",
      "version": "3.6",
      "arch": {
        "platform": "linux",
        "platform_os": "rhel8",
        "target": "x86_64"
      },
      "compiler": {
        "name": "gcc",
        "version": "8.4.1"
      },
      "namespace": "builtin",
      "parameters": {
        "cflags": [],
        "cppflags": [],
        "cxxflags": [],
        "fflags": [],
        "ldflags": [],
        "ldlibs": []
      },
      "external": {
        "path": "/usr",
        "module": null,
        "extra_attributes": {}
      },
      "package_hash": "wczenrbgagtesf7wee46apoht7caprcxzkpzhutvufagyzhevchq====",
      "hash": "u62iwobo65ezmvrvxypaizuq7bkjefha"
    },
    "v62sf6rvyajobtwvinrkvz4qn2jvihad": {
      "name": "gettext",
      "version": "0.21",
      "arch": {
        "platform": "linux",
        "platform_os": "rhel8",
        "target": "x86_64"
      },
      "compiler": {
        "name": "gcc",
        "version": "8.4.1"
      },
      "namespace": "builtin",
      "parameters": {
        "bzip2": true,
        "curses": true,
        "git": true,
        "libunistring": false,
        "libxml2": true,
        "tar": true,
        "xz": true,
        "cflags": [],
        "cppflags": [],
        "cxxflags": [],
        "fflags": [],
        "ldflags": [],
        "ldlibs": []
      },
      "package_hash": "jw4ekeys767dy7bg7rbm633zbyzlofp425ujcqonffwdfmw32vxa====",
      "dependencies": [
        {
          "name": "bzip2",
          "hash": "kkkfb5zt2m375d5znaw7qjmhgwuh6flo",
          "type": [
            "build",
            "link"
          ]
        },
        {
          "name": "libiconv",
          "hash": "twren5ikbhqsu64oz5eaetx73lxvdxmn",
          "type": [
            "build",
            "link"
          ]
        },
        {
          "name": "libxml2",
          "hash": "2cfiga4smvfij4sd2e6me4jhes2yrdsw",
          "type": [
            "build",
            "link"
          ]
        },
        {
          "name": "ncurses",
          "hash": "gway4humupvxwbnhlj4gfz2ph7nirilh",
          "type": [
            "build",
            "link"
          ]
        },
        {
          "name": "tar",
          "hash": "dprupclsqy6abi2r75lz2z3lfkgjay4m",
          "type": [
            "build",
            "link"
          ]
        },
        {
          "name": "xz",
          "hash": "j7crjxyzajszldckwcwhklxgbp7fk56y",
          "type": [
            "build",
            "link",
            "run"
          ]
        }
      ],
      "hash": "v62sf6rvyajobtwvinrkvz4qn2jvihad"
    },
    "kkkfb5zt2m375d5znaw7qjmhgwuh6flo": {
      "name": "bzip2",
      "version": "1.0.6",
      "arch": {
        "platform": "linux",
        "platform_os": "rhel8",
        "target": "x86_64"
      },
      "compiler": {
        "name": "gcc",
        "version": "8.4.1"
      },
      "namespace": "builtin",
      "parameters": {
        "debug": false,
        "pic": false,
        "shared": true,
        "cflags": [],
        "cppflags": [],
        "cxxflags": [],
        "fflags": [],
        "ldflags": [],
        "ldlibs": []
      },
      "external": {
        "path": "/usr",
        "module": null,
        "extra_attributes": {}
      },
      "package_hash": "562jtir57dpubt4sb73bvqg7ef4ft4c66elcc7363od5igdx6b4q====",
      "hash": "kkkfb5zt2m375d5znaw7qjmhgwuh6flo"
    },
    "twren5ikbhqsu64oz5eaetx73lxvdxmn": {
      "name": "libiconv",
      "version": "1.16",
      "arch": {
        "platform": "linux",
        "platform_os": "rhel8",
        "target": "x86_64"
      },
      "compiler": {
        "name": "gcc",
        "version": "8.4.1"
      },
      "namespace": "builtin",
      "parameters": {
        "libs": [
          "shared",
          "static"
        ],
        "cflags": [],
        "cppflags": [],
        "cxxflags": [],
        "fflags": [],
        "ldflags": [],
        "ldlibs": []
      },
      "package_hash": "iwav2dx3w6bi363i3gqu3ndd2rajsle7ebgznblzarzb46iraw4q====",
      "hash": "twren5ikbhqsu64oz5eaetx73lxvdxmn"
    },
    "2cfiga4smvfij4sd2e6me4jhes2yrdsw": {
      "name": "libxml2",
      "version": "2.10.1",
      "arch": {
        "platform": "linux",
        "platform_os": "rhel8",
        "target": "x86_64"
      },
      "compiler": {
        "name": "gcc",
        "version": "8.4.1"
      },
      "namespace": "builtin",
      "parameters": {
        "python": false,
        "cflags": [],
        "cppflags": [],
        "cxxflags": [],
        "fflags": [],
        "ldflags": [],
        "ldlibs": []
      },
      "package_hash": "rpnxdiauwbyj6roy3rm5mt3c7yytq4vmm7zy3uejstgplgbrvsgq====",
      "dependencies": [
        {
          "name": "libiconv",
          "hash": "twren5ikbhqsu64oz5eaetx73lxvdxmn",
          "type": [
            "build",
            "link"
          ]
        },
        {
          "name": "pkgconf",
          "hash": "jiegaxk3dveymhm6y6y3zprn2mwvaqhb",
          "type": [
            "build"
          ]
        },
        {
          "name": "xz",
          "hash": "j7crjxyzajszldckwcwhklxgbp7fk56y",
          "type": [
            "build",
            "link"
          ]
        },
        {
          "name": "zlib",
          "hash": "dtkumsnd2jqhg3iuhjuoxyahvk44mzi5",
          "type": [
            "build",
            "link"
          ]
        }
      ],
      "hash": "2cfiga4smvfij4sd2e6me4jhes2yrdsw"
    },
    "jiegaxk3dveymhm6y6y3zprn2mwvaqhb": {
      "name": "pkgconf",
      "version": "1.4.2",
      "arch": {
        "platform": "linux",
        "platform_os": "rhel8",
        "target": "x86_64"
      },
      "compiler": {
        "name": "gcc",
        "version": "8.4.1"
      },
      "namespace": "builtin",
      "parameters": {
        "cflags": [],
        "cppflags": [],
        "cxxflags": [],
        "fflags": [],
        "ldflags": [],
        "ldlibs": []
      },
      "external": {
        "path": "/usr",
        "module": null,
        "extra_attributes": {}
      },
      "package_hash": "a34g7yrtw3jwrd2yxo66mq6atwqwxu2n5v3woe3ci3wik7ykbeiq====",
      "hash": "jiegaxk3dveymhm6y6y3zprn2mwvaqhb"
    },
    "j7crjxyzajszldckwcwhklxgbp7fk56y": {
      "name": "xz",
      "version": "5.2.4",
      "arch": {
        "platform": "linux",
        "platform_os": "rhel8",
        "target": "x86_64"
      },
      "compiler": {
        "name": "gcc",
        "version": "8.4.1"
      },
      "namespace": "builtin",
      "parameters": {
        "libs": [
          "shared",
          "static"
        ],
        "pic": false,
        "cflags": [],
        "cppflags": [],
        "cxxflags": [],
        "fflags": [],
        "ldflags": [],
        "ldlibs": []
      },
      "external": {
        "path": "/usr",
        "module": null,
        "extra_attributes": {}
      },
      "package_hash": "5ua3r3ceo5iver4af6hqnoeivrllw2y354onlxtkt7guj6vbj4zq====",
      "hash": "j7crjxyzajszldckwcwhklxgbp7fk56y"
    },
    "dtkumsnd2jqhg3iuhjuoxyahvk44mzi5": {
      "name": "zlib",
      "version": "1.2.12",
      "arch": {
        "platform": "linux",
        "platform_os": "rhel8",
        "target": "x86_64"
      },
      "compiler": {
        "name": "gcc",
        "version": "8.4.1"
      },
      "namespace": "builtin",
      "parameters": {
        "optimize": true,
        "patches": [
          "0d38234384870bfd34dfcb738a9083952656f0c766a0f5990b1893076b084b76"
        ],
        "pic": true,
        "shared": true,
        "cflags": [],
        "cppflags": [],
        "cxxflags": [],
        "fflags": [],
        "ldflags": [],
        "ldlibs": []
      },
      "patches": [
        "0d38234384870bfd34dfcb738a9083952656f0c766a0f5990b1893076b084b76"
      ],
      "package_hash": "pthf7iophdyonixxeed7gyqiksopxeklzzjbxtjrw7nzlkcqleba====",
      "hash": "dtkumsnd2jqhg3iuhjuoxyahvk44mzi5"
    },
    "gway4humupvxwbnhlj4gfz2ph7nirilh": {
      "name": "ncurses",
      "version": "6.1",
      "arch": {
        "platform": "linux",
        "platform_os": "rhel8",
        "target": "x86_64"
      },
      "compiler": {
        "name": "gcc",
        "version": "8.4.1"
      },
      "namespace": "builtin",
      "parameters": {
        "abi": "none",
        "symlinks": false,
        "termlib": true,
        "cflags": [],
        "cppflags": [],
        "cxxflags": [],
        "fflags": [],
        "ldflags": [],
        "ldlibs": []
      },
      "external": {
        "path": "/usr",
        "module": null,
        "extra_attributes": {}
      },
      "package_hash": "kql6275fahlp5jb3zdo4c5kdozx6vw3qssmwbftvw6m4qkjjhtha====",
      "hash": "gway4humupvxwbnhlj4gfz2ph7nirilh"
    },
    "dprupclsqy6abi2r75lz2z3lfkgjay4m": {
      "name": "tar",
      "version": "1.30",
      "arch": {
        "platform": "linux",
        "platform_os": "rhel8",
        "target": "x86_64"
      },
      "compiler": {
        "name": "gcc",
        "version": "8.4.1"
      },
      "namespace": "builtin",
      "parameters": {
        "zip": "pigz",
        "cflags": [],
        "cppflags": [],
        "cxxflags": [],
        "fflags": [],
        "ldflags": [],
        "ldlibs": []
      },
      "external": {
        "path": "/usr",
        "module": null,
        "extra_attributes": {}
      },
      "package_hash": "23xv25sxr5ejvfzg3dd7b5p3owpiuw5rcja5xsduete5rqyrh7lq====",
      "hash": "dprupclsqy6abi2r75lz2z3lfkgjay4m"
    },
    "db5fm7pw3kegewbzd2xao2gb67txwwp2": {
      "name": "cmake",
      "version": "3.21.4",
      "arch": {
        "platform": "linux",
        "platform_os": "rhel8",
        "target": "x86_64"
      },
      "compiler": {
        "name": "gcc",
        "version": "8.4.1"
      },
      "namespace": "builtin",
      "parameters": {
        "build_type": "Release",
        "doc": false,
        "ncurses": true,
        "ownlibs": false,
        "qt": false,
        "cflags": [],
        "cppflags": [],
        "cxxflags": [],
        "fflags": [],
        "ldflags": [],
        "ldlibs": []
      },
      "package_hash": "otoj64ozdz3x2bykgf36uhrhookjtzcdojeb2gofjjqxcba4sfta====",
      "dependencies": [
        {
          "name": "curl",
          "hash": "wzbmq6xp2sp55zhsbvkj3yozfxn7yger",
          "type": [
            "build",
            "link"
          ]
        },
        {
          "name": "expat",
          "hash": "qpmleczuqejlt74jvetgo3kmyfgkbkae",
          "type": [
            "build",
            "link"
          ]
        },
        {
          "name": "libarchive",
          "hash": "7a2zloaw6rtchgx5piu3thbnixd4dueo",
          "type": [
            "build",
            "link"
          ]
        },
        {
          "name": "libuv",
          "hash": "rfnchznucboxutcqjn6zr4vhd2rv6hqv",
          "type": [
            "build",
            "link"
          ]
        },
        {
          "name": "ncurses",
          "hash": "gway4humupvxwbnhlj4gfz2ph7nirilh",
          "type": [
            "build",
            "link"
          ]
        },
        {
          "name": "rhash",
          "hash": "5pt5bpwqrzrir73bvfgirj77ydfnpl4z",
          "type": [
            "build",
            "link"
          ]
        },
        {
          "name": "zlib",
          "hash": "dtkumsnd2jqhg3iuhjuoxyahvk44mzi5",
          "type": [
            "build",
            "link"
          ]
        }
      ],
      "hash": "db5fm7pw3kegewbzd2xao2gb67txwwp2"
    },
    "wzbmq6xp2sp55zhsbvkj3yozfxn7yger": {
      "name": "curl",
      "version": "7.61.1",
      "arch": {
        "platform": "linux",
        "platform_os": "rhel8",
        "target": "x86_64"
      },
      "compiler": {
        "name": "gcc",
        "version": "8.4.1"
      },
      "namespace": "builtin",
      "parameters": {
        "gssapi": false,
        "ldap": false,
        "libidn2": false,
        "librtmp": false,
        "libs": [
          "shared",
          "static"
        ],
        "libssh": false,
        "libssh2": false,
        "nghttp2": false,
        "tls": [
          "openssl"
        ],
        "cflags": [],
        "cppflags": [],
        "cxxflags": [],
        "fflags": [],
        "ldflags": [],
        "ldlibs": []
      },
      "external": {
        "path": "/usr",
        "module": null,
        "extra_attributes": {}
      },
      "package_hash": "exhzahdzso7pt3f7nw5pxbhydatqiocehfgyimhekqa2jmf3kbyq====",
      "hash": "wzbmq6xp2sp55zhsbvkj3yozfxn7yger"
    },
    "qpmleczuqejlt74jvetgo3kmyfgkbkae": {
      "name": "expat",
      "version": "2.4.8",
      "arch": {
        "platform": "linux",
        "platform_os": "rhel8",
        "target": "x86_64"
      },
      "compiler": {
        "name": "gcc",
        "version": "8.4.1"
      },
      "namespace": "builtin",
      "parameters": {
        "libbsd": true,
        "cflags": [],
        "cppflags": [],
        "cxxflags": [],
        "fflags": [],
        "ldflags": [],
        "ldlibs": []
      },
      "package_hash": "cyr63m7lwwlyhb4u3t6i5hc35v4dhnl5d6eudsgpplunm6eadqqq====",
      "dependencies": [
        {
          "name": "libbsd",
          "hash": "s3p2brt573szrk4wqir3bdd4xzqcbqqg",
          "type": [
            "build",
            "link"
          ]
        }
      ],
      "hash": "qpmleczuqejlt74jvetgo3kmyfgkbkae"
    },
    "s3p2brt573szrk4wqir3bdd4xzqcbqqg": {
      "name": "libbsd",
      "version": "0.11.5",
      "arch": {
        "platform": "linux",
        "platform_os": "rhel8",
        "target": "x86_64"
      },
      "compiler": {
        "name": "gcc",
        "version": "8.4.1"
      },
      "namespace": "builtin",
      "parameters": {
        "cflags": [],
        "cppflags": [],
        "cxxflags": [],
        "fflags": [],
        "ldflags": [],
        "ldlibs": []
      },
      "package_hash": "msd4bmra3f6ttxrjbsuvsykq5ews6b3scmelzux3bteauxp2w7iq====",
      "dependencies": [
        {
          "name": "libmd",
          "hash": "nvse7was6d6ymsqbzql2ckaka4tcmf5t",
          "type": [
            "build",
            "link"
          ]
        }
      ],
      "hash": "s3p2brt573szrk4wqir3bdd4xzqcbqqg"
    },
    "nvse7was6d6ymsqbzql2ckaka4tcmf5t": {
      "name": "libmd",
      "version": "1.0.4",
      "arch": {
        "platform": "linux",
        "platform_os": "rhel8",
        "target": "x86_64"
      },
      "compiler": {
        "name": "gcc",
        "version": "8.4.1"
      },
      "namespace": "builtin",
      "parameters": {
        "cflags": [],
        "cppflags": [],
        "cxxflags": [],
        "fflags": [],
        "ldflags": [],
        "ldlibs": []
      },
      "package_hash": "zs2e7fqr4dzthpj5fascqvfn7xcahf7dtc5bzdwfv6vqkzi7oncq====",
      "hash": "nvse7was6d6ymsqbzql2ckaka4tcmf5t"
    },
    "7a2zloaw6rtchgx5piu3thbnixd4dueo": {
      "name": "libarchive",
      "version": "3.5.2",
      "arch": {
        "platform": "linux",
        "platform_os": "rhel8",
        "target": "x86_64"
      },
      "compiler": {
        "name": "gcc",
        "version": "8.4.1"
      },
      "namespace": "builtin",
      "parameters": {
        "compression": [
          "bz2lib",
          "lz4",
          "lzma",
          "lzo2",
          "zlib"
        ],
        "crypto": "mbedtls",
        "iconv": true,
        "libs": [
          "shared",
          "static"
        ],
        "programs": [
          "none"
        ],
        "xar": "expat",
        "cflags": [],
        "cppflags": [],
        "cxxflags": [],
        "fflags": [],
        "ldflags": [],
        "ldlibs": []
      },
      "package_hash": "pmjowqvy75ohvb67gbhjyig2n7uqv2f4mcnqbwjb6bbmqyvnc3nq====",
      "dependencies": [
        {
          "name": "bzip2",
          "hash": "kkkfb5zt2m375d5znaw7qjmhgwuh6flo",
          "type": [
            "build",
            "link"
          ]
        },
        {
          "name": "expat",
          "hash": "qpmleczuqejlt74jvetgo3kmyfgkbkae",
          "type": [
            "build",
            "link"
          ]
        },
        {
          "name": "libiconv",
          "hash": "twren5ikbhqsu64oz5eaetx73lxvdxmn",
          "type": [
            "build",
            "link"
          ]
        },
        {
          "name": "lz4",
          "hash": "67mq7yavmlnaoqvzf5baf7zjtss43n3f",
          "type": [
            "build",
            "link"
          ]
        },
        {
          "name": "lzo",
          "hash": "ejegggtfbaldjpdy6haec7fyk6ibuoow",
          "type": [
            "build",
            "link"
          ]
        },
        {
          "name": "mbedtls",
          "hash": "j3tfoxudcefv2j2s77jk56st4mstfeod",
          "type": [
            "build",
            "link"
          ]
        },
        {
          "name": "xz",
          "hash": "j7crjxyzajszldckwcwhklxgbp7fk56y",
          "type": [
            "build",
            "link"
          ]
        },
        {
          "name": "zlib",
          "hash": "dtkumsnd2jqhg3iuhjuoxyahvk44mzi5",
          "type": [
            "build",
            "link"
          ]
        }
      ],
      "hash": "7a2zloaw6rtchgx5piu3thbnixd4dueo"
    },
    "67mq7yavmlnaoqvzf5baf7zjtss43n3f": {
      "name": "lz4",
      "version": "1.9.3",
      "arch": {
        "platform": "linux",
        "platform_os": "rhel8",
        "target": "x86_64"
      },
      "compiler": {
        "name": "gcc",
        "version": "8.4.1"
      },
      "namespace": "builtin",
      "parameters": {
        "libs": [
          "shared",
          "static"
        ],
        "cflags": [],
        "cppflags": [],
        "cxxflags": [],
        "fflags": [],
        "ldflags": [],
        "ldlibs": []
      },
      "package_hash": "2o4svcmwcgknhlss7c6lze4siilaihlxvy36wlts27h6amsxkgfq====",
      "hash": "67mq7yavmlnaoqvzf5baf7zjtss43n3f"
    },
    "ejegggtfbaldjpdy6haec7fyk6ibuoow": {
      "name": "lzo",
      "version": "2.10",
      "arch": {
        "platform": "linux",
        "platform_os": "rhel8",
        "target": "x86_64"
      },
      "compiler": {
        "name": "gcc",
        "version": "8.4.1"
      },
      "namespace": "builtin",
      "parameters": {
        "libs": [
          "shared",
          "static"
        ],
        "cflags": [],
        "cppflags": [],
        "cxxflags": [],
        "fflags": [],
        "ldflags": [],
        "ldlibs": []
      },
      "package_hash": "2ef4xllxfwgrukzueosrnk4yrymrkqwhd4wuqdprs77nw4ymjvwa====",
      "hash": "ejegggtfbaldjpdy6haec7fyk6ibuoow"
    },
    "j3tfoxudcefv2j2s77jk56st4mstfeod": {
      "name": "mbedtls",
      "version": "2.28.0",
      "arch": {
        "platform": "linux",
        "platform_os": "rhel8",
        "target": "x86_64"
      },
      "compiler": {
        "name": "gcc",
        "version": "8.4.1"
      },
      "namespace": "builtin",
      "parameters": {
        "build_type": "Release",
        "libs": [
          "static"
        ],
        "pic": true,
        "cflags": [],
        "cppflags": [],
        "cxxflags": [],
        "fflags": [],
        "ldflags": [],
        "ldlibs": []
      },
      "package_hash": "fmyllflptlvldk2zt2zbtywwxxwrsjnn5fguuhr35vqylprsvnxa====",
      "hash": "j3tfoxudcefv2j2s77jk56st4mstfeod"
    },
    "rfnchznucboxutcqjn6zr4vhd2rv6hqv": {
      "name": "libuv",
      "version": "1.44.1",
      "arch": {
        "platform": "linux",
        "platform_os": "rhel8",
        "target": "x86_64"
      },
      "compiler": {
        "name": "gcc",
        "version": "8.4.1"
      },
      "namespace": "builtin",
      "parameters": {
        "cflags": [],
        "cppflags": [],
        "cxxflags": [],
        "fflags": [],
        "ldflags": [],
        "ldlibs": []
      },
      "package_hash": "ifpbt2kttfj53cu5cbzgdta6vz6lhr5yh6kcsufbwndpyhu7uvra====",
      "hash": "rfnchznucboxutcqjn6zr4vhd2rv6hqv"
    },
    "5pt5bpwqrzrir73bvfgirj77ydfnpl4z": {
      "name": "rhash",
      "version": "1.4.2",
      "arch": {
        "platform": "linux",
        "platform_os": "rhel8",
        "target": "x86_64"
      },
      "compiler": {
        "name": "gcc",
        "version": "8.4.1"
      },
      "namespace": "builtin",
      "parameters": {
        "patches": [
          "093518cee1195b20bd7b4f46b57c6e91906134985eeb3de87cd96a42e8a1db3e",
          "3fbfe4603d2ec5228fd198fc87ff3ee281e1f68d252c1afceaa15cba76e9b6b4"
        ],
        "cflags": [],
        "cppflags": [],
        "cxxflags": [],
        "fflags": [],
        "ldflags": [],
        "ldlibs": []
      },
      "patches": [
        "3fbfe4603d2ec5228fd198fc87ff3ee281e1f68d252c1afceaa15cba76e9b6b4",
        "093518cee1195b20bd7b4f46b57c6e91906134985eeb3de87cd96a42e8a1db3e"
      ],
      "package_hash": "4xwjw3z6wf5od5ngyoqvazbshndtl7qlzzwrl742eb2smghsbmrq====",
      "hash": "5pt5bpwqrzrir73bvfgirj77ydfnpl4z"
    },
    "gmsetchaxunojtjbqqyrskxlidyqtxxc": {
      "name": "environment-modules",
      "version": "5.1.1",
      "arch": {
        "platform": "linux",
        "platform_os": "rhel8",
        "target": "x86_64"
      },
      "compiler": {
        "name": "gcc",
        "version": "8.4.1"
      },
      "namespace": "builtin",
      "parameters": {
        "X": true,
        "cflags": [],
        "cppflags": [],
        "cxxflags": [],
        "fflags": [],
        "ldflags": [],
        "ldlibs": []
      },
      "package_hash": "mn35alqxrtofcudlnbr2csv2dnnour56rc7gfoevqtx5oizrpqxa====",
      "dependencies": [
        {
          "name": "tcl",
          "hash": "43y3vwxbypefih4n6appulywkhz7yqkl",
          "type": [
            "build",
            "link",
            "run"
          ]
        }
      ],
      "hash": "gmsetchaxunojtjbqqyrskxlidyqtxxc"
    },
    "43y3vwxbypefih4n6appulywkhz7yqkl": {
      "name": "tcl",
      "version": "8.6.12",
      "arch": {
        "platform": "linux",
        "platform_os": "rhel8",
        "target": "x86_64"
      },
      "compiler": {
        "name": "gcc",
        "version": "8.4.1"
      },
      "namespace": "builtin",
      "parameters": {
        "cflags": [],
        "cppflags": [],
        "cxxflags": [],
        "fflags": [],
        "ldflags": [],
        "ldlibs": []
      },
      "package_hash": "w3sqr6nhbvpnh4kuknm2nx2k6rjp2usur6vupxo6ds7n3lveituq====",
      "dependencies": [
        {
          "name": "zlib",
          "hash": "dtkumsnd2jqhg3iuhjuoxyahvk44mzi5",
          "type": [
            "build",
            "link"
          ]
        }
      ],
      "hash": "43y3vwxbypefih4n6appulywkhz7yqkl"
    },
    "tw33vocl5ognqqsmgohbmsjxomooilcl": {
      "name": "git",
      "version": "2.27.0",
      "arch": {
        "platform": "linux",
        "platform_os": "rhel8",
        "target": "x86_64"
      },
      "compiler": {
        "name": "gcc",
        "version": "8.4.1"
      },
      "namespace": "builtin",
      "parameters": {
        "man": true,
        "nls": true,
        "perl": true,
        "subtree": true,
        "svn": false,
        "tcltk": true,
        "cflags": [],
        "cppflags": [],
        "cxxflags": [],
        "fflags": [],
        "ldflags": [],
        "ldlibs": []
      },
      "external": {
        "path": "/usr",
        "module": null,
        "extra_attributes": {}
      },
      "package_hash": "rby7jfdiabjuz66bnh7rsyh3upfb5cen4pzv5fda4ueckbt3o3wq====",
      "hash": "tw33vocl5ognqqsmgohbmsjxomooilcl"
    },
    "nvdvhg2heomfocscsxn3rg2j4ngv5m3d": {
      "name": "htop",
      "version": "3.2.0",
      "arch": {
        "platform": "linux",
        "platform_os": "rhel8",
        "target": "x86_64"
      },
      "compiler": {
        "name": "gcc",
        "version": "8.4.1"
      },
      "namespace": "builtin",
      "parameters": {
        "debug": false,
        "hwloc": false,
        "unicode": true,
        "cflags": [],
        "cppflags": [],
        "cxxflags": [],
        "fflags": [],
        "ldflags": [],
        "ldlibs": []
      },
      "package_hash": "ehedlfoxzb5r36kf5ali6wd2oxxx4pakpukm2uemjjcmfaigyvmq====",
      "dependencies": [
        {
          "name": "autoconf",
          "hash": "ghnxwz6mizc7t3qlc553m53m3npvapbb",
          "type": [
            "build"
          ]
        },
        {
          "name": "automake",
          "hash": "yekjlwkdombowwj4o635vm6glospknrd",
          "type": [
            "build"
          ]
        },
        {
          "name": "libtool",
          "hash": "p3ac7i5jf2ublle3cjcdmugdu2uhnl2i",
          "type": [
            "build"
          ]
        },
        {
          "name": "m4",
          "hash": "sir4tiplxqrmyzwvuhcnyc4rh7mvvctt",
          "type": [
            "build"
          ]
        },
        {
          "name": "ncurses",
          "hash": "gway4humupvxwbnhlj4gfz2ph7nirilh",
          "type": [
            "build",
            "link"
          ]
        },
        {
          "name": "python",
          "hash": "seqsaozi6qul5gbmxf6xuty37tni24ts",
          "type": [
            "build"
          ]
        }
      ],
      "hash": "nvdvhg2heomfocscsxn3rg2j4ngv5m3d"
    },
    "ghnxwz6mizc7t3qlc553m53m3npvapbb": {
      "name": "autoconf",
      "version": "2.69",
      "arch": {
        "platform": "linux",
        "platform_os": "rhel8",
        "target": "x86_64"
      },
      "compiler": {
        "name": "gcc",
        "version": "8.4.1"
      },
      "namespace": "builtin",
      "parameters": {
        "patches": [
          "7793209b33013dc0f81208718c68440c5aae80e7a1c4b8d336e382525af791a7"
        ],
        "cflags": [],
        "cppflags": [],
        "cxxflags": [],
        "fflags": [],
        "ldflags": [],
        "ldlibs": []
      },
      "external": {
        "path": "/usr",
        "module": null,
        "extra_attributes": {}
      },
      "patches": [
        "7793209b33013dc0f81208718c68440c5aae80e7a1c4b8d336e382525af791a7"
      ],
      "package_hash": "eeg7bz7gzbvc5zxubjqkspni3o2is2ucol4myxeus7zmsnwhi2wq====",
      "hash": "ghnxwz6mizc7t3qlc553m53m3npvapbb"
    },
    "yekjlwkdombowwj4o635vm6glospknrd": {
      "name": "automake",
      "version": "1.16.1",
      "arch": {
        "platform": "linux",
        "platform_os": "rhel8",
        "target": "x86_64"
      },
      "compiler": {
        "name": "gcc",
        "version": "8.4.1"
      },
      "namespace": "builtin",
      "parameters": {
        "cflags": [],
        "cppflags": [],
        "cxxflags": [],
        "fflags": [],
        "ldflags": [],
        "ldlibs": []
      },
      "external": {
        "path": "/usr",
        "module": null,
        "extra_attributes": {}
      },
      "package_hash": "n6kwr63zbajnvu66yyvobku6oj5ij46m7zb5ugxpmts6h3h5aisa====",
      "hash": "yekjlwkdombowwj4o635vm6glospknrd"
    },
    "p3ac7i5jf2ublle3cjcdmugdu2uhnl2i": {
      "name": "libtool",
      "version": "2.4.6",
      "arch": {
        "platform": "linux",
        "platform_os": "rhel8",
        "target": "x86_64"
      },
      "compiler": {
        "name": "gcc",
        "version": "8.4.1"
      },
      "namespace": "builtin",
      "parameters": {
        "cflags": [],
        "cppflags": [],
        "cxxflags": [],
        "fflags": [],
        "ldflags": [],
        "ldlibs": []
      },
      "external": {
        "path": "/usr",
        "module": null,
        "extra_attributes": {}
      },
      "package_hash": "j36yrn6u2zfelltggatklj4g4wjfies7l2lwikrnejm4hepg2mdq====",
      "hash": "p3ac7i5jf2ublle3cjcdmugdu2uhnl2i"
    },
    "sir4tiplxqrmyzwvuhcnyc4rh7mvvctt": {
      "name": "m4",
      "version": "1.4.18",
      "arch": {
        "platform": "linux",
        "platform_os": "rhel8",
        "target": "x86_64"
      },
      "compiler": {
        "name": "gcc",
        "version": "8.4.1"
      },
      "namespace": "builtin",
      "parameters": {
        "patches": [
          "3877ab548f88597ab2327a2230ee048d2d07ace1062efe81fc92e91b7f39cd00",
          "fc9b61654a3ba1a8d6cd78ce087e7c96366c290bc8d2c299f09828d793b853c8"
        ],
        "sigsegv": true,
        "cflags": [],
        "cppflags": [],
        "cxxflags": [],
        "fflags": [],
        "ldflags": [],
        "ldlibs": []
      },
      "external": {
        "path": "/usr",
        "module": null,
        "extra_attributes": {}
      },
      "patches": [
        "3877ab548f88597ab2327a2230ee048d2d07ace1062efe81fc92e91b7f39cd00",
        "fc9b61654a3ba1a8d6cd78ce087e7c96366c290bc8d2c299f09828d793b853c8"
      ],
      "package_hash": "vxwx3k2qdjrdtwd3nggzkk6yrnvvp6xlix7dix4gbwyuhyicxjiq====",
      "hash": "sir4tiplxqrmyzwvuhcnyc4rh7mvvctt"
    },
    "seqsaozi6qul5gbmxf6xuty37tni24ts": {
      "name": "python",
      "version": "3.9.13",
      "arch": {
        "platform": "linux",
        "platform_os": "rhel8",
        "target": "x86_64"
      },
      "compiler": {
        "name": "gcc",
        "version": "8.4.1"
      },
      "namespace": "builtin",
      "parameters": {
        "bz2": true,
        "ctypes": true,
        "dbm": true,
        "debug": false,
        "libxml2": true,
        "lzma": true,
        "nis": false,
        "optimizations": false,
        "patches": [
          "0d98e93189bc278fbc37a50ed7f183bd8aaf249a8e1670a465f0db6bb4f8cf87",
          "4c2457325f2b608b1b6a2c63087df8c26e07db3e3d493caf36a56f0ecf6fb768",
          "f2fd060afc4b4618fe8104c4c5d771f36dc55b1db5a4623785a4ea707ec72fb4"
        ],
        "pic": true,
        "pyexpat": true,
        "pythoncmd": true,
        "readline": true,
        "shared": true,
        "sqlite3": true,
        "ssl": true,
        "tix": false,
        "tkinter": false,
        "ucs4": false,
        "uuid": true,
        "zlib": true,
        "cflags": [],
        "cppflags": [],
        "cxxflags": [],
        "fflags": [],
        "ldflags": [],
        "ldlibs": []
      },
      "patches": [
        "0d98e93189bc278fbc37a50ed7f183bd8aaf249a8e1670a465f0db6bb4f8cf87",
        "f2fd060afc4b4618fe8104c4c5d771f36dc55b1db5a4623785a4ea707ec72fb4",
        "4c2457325f2b608b1b6a2c63087df8c26e07db3e3d493caf36a56f0ecf6fb768"
      ],
      "package_hash": "y65uqzapdg2txwhdlalun26pmrh5qnwfcxwloixqo3g555oofema====",
      "dependencies": [
        {
          "name": "bzip2",
          "hash": "kkkfb5zt2m375d5znaw7qjmhgwuh6flo",
          "type": [
            "build",
            "link"
          ]
        },
        {
          "name": "expat",
          "hash": "qpmleczuqejlt74jvetgo3kmyfgkbkae",
          "type": [
            "build",
            "link"
          ]
        },
        {
          "name": "gdbm",
          "hash": "5plrdqqmhnk2muflhw6tzqqwiw2owh7j",
          "type": [
            "build",
            "link"
          ]
        },
        {
          "name": "gettext",
          "hash": "v62sf6rvyajobtwvinrkvz4qn2jvihad",
          "type": [
            "build",
            "link"
          ]
        },
        {
          "name": "libffi",
          "hash": "ztyyn7zeypjaxq3zchjh7f75ypozi6ka",
          "type": [
            "build",
            "link"
          ]
        },
        {
          "name": "ncurses",
          "hash": "gway4humupvxwbnhlj4gfz2ph7nirilh",
          "type": [
            "build",
            "link"
          ]
        },
        {
          "name": "openssl",
          "hash": "6fdspjuokq3lbkc2h7b7yqxgypplrxsb",
          "type": [
            "build",
            "link"
          ]
        },
        {
          "name": "pkgconf",
          "hash": "jiegaxk3dveymhm6y6y3zprn2mwvaqhb",
          "type": [
            "build"
          ]
        },
        {
          "name": "readline",
          "hash": "usniej3phr7un57da6wyzu6d34yo3nbp",
          "type": [
            "build",
            "link"
          ]
        },
        {
          "name": "sqlite",
          "hash": "le2zaawq27l4whltqq2gbadrzmzmqv3l",
          "type": [
            "build",
            "link"
          ]
        },
        {
          "name": "util-linux-uuid",
          "hash": "mrexcxf7qhzxlnvld5r3zfiafjy2q67i",
          "type": [
            "build",
            "link"
          ]
        },
        {
          "name": "xz",
          "hash": "j7crjxyzajszldckwcwhklxgbp7fk56y",
          "type": [
            "build",
            "link"
          ]
        },
        {
          "name": "zlib",
          "hash": "dtkumsnd2jqhg3iuhjuoxyahvk44mzi5",
          "type": [
            "build",
            "link"
          ]
        }
      ],
      "hash": "seqsaozi6qul5gbmxf6xuty37tni24ts"
    },
    "5plrdqqmhnk2muflhw6tzqqwiw2owh7j": {
      "name": "gdbm",
      "version": "1.23",
      "arch": {
        "platform": "linux",
        "platform_os": "rhel8",
        "target": "x86_64"
      },
      "compiler": {
        "name": "gcc",
        "version": "8.4.1"
      },
      "namespace": "builtin",
      "parameters": {
        "cflags": [],
        "cppflags": [],
        "cxxflags": [],
        "fflags": [],
        "ldflags": [],
        "ldlibs": []
      },
      "package_hash": "liepxl6phlcxbgfmibxafhewtihlgaa4x3hko37ckqlafhxkrgdq====",
      "dependencies": [
        {
          "name": "readline",
          "hash": "usniej3phr7un57da6wyzu6d34yo3nbp",
          "type": [
            "build",
            "link"
          ]
        }
      ],
      "hash": "5plrdqqmhnk2muflhw6tzqqwiw2owh7j"
    },
    "usniej3phr7un57da6wyzu6d34yo3nbp": {
      "name": "readline",
      "version": "8.1.2",
      "arch": {
        "platform": "linux",
        "platform_os": "rhel8",
        "target": "x86_64"
      },
      "compiler": {
        "name": "gcc",
        "version": "8.4.1"
      },
      "namespace": "builtin",
      "parameters": {
        "cflags": [],
        "cppflags": [],
        "cxxflags": [],
        "fflags": [],
        "ldflags": [],
        "ldlibs": []
      },
      "package_hash": "ouxxalld7kxximyke7ekitja6kuz3h7tlt7lm2szo3hg7amf6ana====",
      "dependencies": [
        {
          "name": "ncurses",
          "hash": "gway4humupvxwbnhlj4gfz2ph7nirilh",
          "type": [
            "build",
            "link"
          ]
        }
      ],
      "hash": "usniej3phr7un57da6wyzu6d34yo3nbp"
    },
    "ztyyn7zeypjaxq3zchjh7f75ypozi6ka": {
      "name": "libffi",
      "version": "3.4.2",
      "arch": {
        "platform": "linux",
        "platform_os": "rhel8",
        "target": "x86_64"
      },
      "compiler": {
        "name": "gcc",
        "version": "8.4.1"
      },
      "namespace": "builtin",
      "parameters": {
        "cflags": [],
        "cppflags": [],
        "cxxflags": [],
        "fflags": [],
        "ldflags": [],
        "ldlibs": []
      },
      "package_hash": "jyaxy6b6uaavi4hhp435lz6uwxjhg2w6vrvnk76o7wymwrbzetfq====",
      "hash": "ztyyn7zeypjaxq3zchjh7f75ypozi6ka"
    },
    "6fdspjuokq3lbkc2h7b7yqxgypplrxsb": {
      "name": "openssl",
      "version": "1.1.1g",
      "arch": {
        "platform": "linux",
        "platform_os": "rhel8",
        "target": "x86_64"
      },
      "compiler": {
        "name": "gcc",
        "version": "8.4.1"
      },
      "namespace": "builtin",
      "parameters": {
        "certs": "mozilla",
        "docs": false,
        "shared": false,
        "cflags": [],
        "cppflags": [],
        "cxxflags": [],
        "fflags": [],
        "ldflags": [],
        "ldlibs": []
      },
      "external": {
        "path": "/usr",
        "module": null,
        "extra_attributes": {}
      },
      "package_hash": "iji2633u5g34dur4yorhnzbsehdoock6mnt63qfpdhbdsp5q3ujq====",
      "hash": "6fdspjuokq3lbkc2h7b7yqxgypplrxsb"
    },
    "le2zaawq27l4whltqq2gbadrzmzmqv3l": {
      "name": "sqlite",
      "version": "3.39.2",
      "arch": {
        "platform": "linux",
        "platform_os": "rhel8",
        "target": "x86_64"
      },
      "compiler": {
        "name": "gcc",
        "version": "8.4.1"
      },
      "namespace": "builtin",
      "parameters": {
        "column_metadata": true,
        "dynamic_extensions": true,
        "fts": true,
        "functions": false,
        "rtree": true,
        "cflags": [],
        "cppflags": [],
        "cxxflags": [],
        "fflags": [],
        "ldflags": [],
        "ldlibs": []
      },
      "package_hash": "dmn5zsdm3wfe2adkistbrkrc4mfkkhjs4r3kx5hbvhfgffrywfcq====",
      "dependencies": [
        {
          "name": "readline",
          "hash": "usniej3phr7un57da6wyzu6d34yo3nbp",
          "type": [
            "build",
            "link"
          ]
        },
        {
          "name": "zlib",
          "hash": "dtkumsnd2jqhg3iuhjuoxyahvk44mzi5",
          "type": [
            "build",
            "link"
          ]
        }
      ],
      "hash": "le2zaawq27l4whltqq2gbadrzmzmqv3l"
    },
    "mrexcxf7qhzxlnvld5r3zfiafjy2q67i": {
      "name": "util-linux-uuid",
      "version": "2.37.4",
      "arch": {
        "platform": "linux",
        "platform_os": "rhel8",
        "target": "x86_64"
      },
      "compiler": {
        "name": "gcc",
        "version": "8.4.1"
      },
      "namespace": "builtin",
      "parameters": {
        "cflags": [],
        "cppflags": [],
        "cxxflags": [],
        "fflags": [],
        "ldflags": [],
        "ldlibs": []
      },
      "package_hash": "n465gjlqutfeg54a32t4yetfm47rj3rs4meak5moavfy2ugibsxa====",
      "dependencies": [
        {
          "name": "pkgconf",
          "hash": "jiegaxk3dveymhm6y6y3zprn2mwvaqhb",
          "type": [
            "build"
          ]
        }
      ],
      "hash": "mrexcxf7qhzxlnvld5r3zfiafjy2q67i"
    }
  }
}